Microsoft Visual Studio Solution File, Format Version 11.00
# Visual Studio 2008

Project("{54F664C7-0C22-054E-A0D8-D26FC3997CE7}") = "Online", "Assembly-CSharp-firstpass.csproj", "{CD152730-79EF-ACCE-02FD-15CA24C5486E}"
EndProject
Project("{54F664C7-0C22-054E-A0D8-D26FC3997CE7}") = "Online", "Assembly-CSharp.csproj", "{71ACAFBE-F20E-E8F9-E339-CC27D899E28C}"
EndProject
Project("{54F664C7-0C22-054E-A0D8-D26FC3997CE7}") = "Online", "Assembly-UnityScript-firstpass.unityproj", "{E8BBDAC5-FB01-6AA8-DFDB-6B8B4800CD42}"
EndProject
Global
	GlobalSection(SolutionConfigurationPlatforms) = preSolution
		Debug|Any CPU = Debug|Any CPU
		Release|Any CPU = Release|Any CPU
	EndGlobalSection
	GlobalSection(ProjectConfigurationPlatforms) = postSolution
		{CD152730-79EF-ACCE-02FD-15CA24C5486E}.Debug|Any CPU.ActiveCfg = Debug|Any CPU
		{CD152730-79EF-ACCE-02FD-15CA24C5486E}.Debug|Any CPU.Build.0 = Debug|Any CPU
		{CD152730-79EF-ACCE-02FD-15CA24C5486E}.Release|Any CPU.ActiveCfg = Release|Any CPU
		{CD152730-79EF-ACCE-02FD-15CA24C5486E}.Release|Any CPU.Build.0 = Release|Any CPU
		{71ACAFBE-F20E-E8F9-E339-CC27D899E28C}.Debug|Any CPU.ActiveCfg = Debug|Any CPU
		{71ACAFBE-F20E-E8F9-E339-CC27D899E28C}.Debug|Any CPU.Build.0 = Debug|Any CPU
		{71ACAFBE-F20E-E8F9-E339-CC27D899E28C}.Release|Any CPU.ActiveCfg = Release|Any CPU
		{71ACAFBE-F20E-E8F9-E339-CC27D899E28C}.Release|Any CPU.Build.0 = Release|Any CPU
		{E8BBDAC5-FB01-6AA8-DFDB-6B8B4800CD42}.Debug|Any CPU.ActiveCfg = Debug|Any CPU
		{E8BBDAC5-FB01-6AA8-DFDB-6B8B4800CD42}.Debug|Any CPU.Build.0 = Debug|Any CPU
		{E8BBDAC5-FB01-6AA8-DFDB-6B8B4800CD42}.Release|Any CPU.ActiveCfg = Release|Any CPU
		{E8BBDAC5-FB01-6AA8-DFDB-6B8B4800CD42}.Release|Any CPU.Build.0 = Release|Any CPU
	EndGlobalSection
	GlobalSection(SolutionProperties) = preSolution
		HideSolutionNode = FALSE
	EndGlobalSection
																																																						GlobalSection(MonoDevelopProperties) = preSolution
		StartupItem = Assembly-CSharp.csproj
		Policies = $0
		$0.TextStylePolicy = $1
		$1.inheritsSet = null
		$1.scope = text/x-csharp
		$0.CSharpFormattingPolicy = $2
		$2.inheritsSet = Mono
		$2.inheritsScope = text/x-csharp
		$2.scope = text/x-csharp
		$0.TextStylePolicy = $3
		$3.FileWidth = 120
		$3.TabWidth = 4
		$3.EolMarker = Unix
		$3.inheritsSet = Mono
		$3.inheritsScope = text/plain
		$3.scope = text/plain
	EndGlobalSection

EndGlobal
