
Microsoft Visual Studio Solution File, Format Version 12.00
# Visual Studio 2013
Project("{FAE04EC0-301F-11D3-BF4B-00C04F79EFBC}") = "UnityVS.UnityBase.CSharp", "UnityVS.UnityBase.CSharp.csproj", "{BEA52E87-70FF-C44B-7188-62D843FB4177}"
EndProject
Project("{FAE04EC0-301F-11D3-BF4B-00C04F79EFBC}") = "UnityVS.UnityBase.CSharp.Plugins", "UnityVS.UnityBase.CSharp.Plugins.csproj", "{980B653B-5929-812B-6639-7F688169A5AC}"
EndProject
Global
	GlobalSection(SolutionConfigurationPlatforms) = preSolution
		Debug|Any CPU = Debug|Any CPU
		Release|Any CPU = Release|Any CPU
	EndGlobalSection
	GlobalSection(ProjectConfigurationPlatforms) = postSolution
		{BEA52E87-70FF-C44B-7188-62D843FB4177}.Debug|Any CPU.ActiveCfg = Debug|Any CPU
		{BEA52E87-70FF-C44B-7188-62D843FB4177}.Debug|Any CPU.Build.0 = Debug|Any CPU
		{BEA52E87-70FF-C44B-7188-62D843FB4177}.Release|Any CPU.ActiveCfg = Release|Any CPU
		{BEA52E87-70FF-C44B-7188-62D843FB4177}.Release|Any CPU.Build.0 = Release|Any CPU
		{980B653B-5929-812B-6639-7F688169A5AC}.Debug|Any CPU.ActiveCfg = Debug|Any CPU
		{980B653B-5929-812B-6639-7F688169A5AC}.Debug|Any CPU.Build.0 = Debug|Any CPU
		{980B653B-5929-812B-6639-7F688169A5AC}.Release|Any CPU.ActiveCfg = Release|Any CPU
		{980B653B-5929-812B-6639-7F688169A5AC}.Release|Any CPU.Build.0 = Release|Any CPU
	EndGlobalSection
	GlobalSection(SolutionProperties) = preSolution
		HideSolutionNode = FALSE
	EndGlobalSection
EndGlobal
